
Microsoft Visual Studio Solution File, Format Version 12.00
# Visual Studio 2012
Project("{FAE04EC0-301F-11D3-BF4B-00C04F79EFBC}") = "NXT Interface", "NXT Interface\NXT Interface.csproj", "{72E15EB2-5B23-49FA-B9CA-228A203C6E71}"
EndProject
Global
	GlobalSection(SolutionConfigurationPlatforms) = preSolution
		Debug|Any CPU = Debug|Any CPU
		Release|Any CPU = Release|Any CPU
	EndGlobalSection
	GlobalSection(ProjectConfigurationPlatforms) = postSolution
		{72E15EB2-5B23-49FA-B9CA-228A203C6E71}.Debug|Any CPU.ActiveCfg = Debug|Any CPU
		{72E15EB2-5B23-49FA-B9CA-228A203C6E71}.Debug|Any CPU.Build.0 = Debug|Any CPU
		{72E15EB2-5B23-49FA-B9CA-228A203C6E71}.Release|Any CPU.ActiveCfg = Release|Any CPU
		{72E15EB2-5B23-49FA-B9CA-228A203C6E71}.Release|Any CPU.Build.0 = Release|Any CPU
	EndGlobalSection
	GlobalSection(SolutionProperties) = preSolution
		HideSolutionNode = FALSE
	EndGlobalSection
EndGlobal
